
Microsoft Visual Studio Solution File, Format Version 12.00
# Visual Studio Version 16
VisualStudioVersion = 16.0.30218.91
MinimumVisualStudioVersion = 10.0.40219.1
Project("{9A19103F-16F7-4668-BE54-9A1E7A4F7556}") = "EnsafedUnsafe", "src\EnsafedUnsafe.csproj", "{AFEBF68B-4AD7-4D60-ABA9-E950205847E4}"
EndProject
Project("{9A19103F-16F7-4668-BE54-9A1E7A4F7556}") = "test64", "test\test64.csproj", "{C1087B1E-4741-4959-A886-25DCDB607B54}"
	ProjectSection(ProjectDependencies) = postProject
		{AFEBF68B-4AD7-4D60-ABA9-E950205847E4} = {AFEBF68B-4AD7-4D60-ABA9-E950205847E4}
	EndProjectSection
EndProject
Global
	GlobalSection(SolutionConfigurationPlatforms) = preSolution
		Debug|Any CPU = Debug|Any CPU
		Release|Any CPU = Release|Any CPU
	EndGlobalSection
	GlobalSection(ProjectConfigurationPlatforms) = postSolution
		{AFEBF68B-4AD7-4D60-ABA9-E950205847E4}.Debug|Any CPU.ActiveCfg = Debug|Any CPU
		{AFEBF68B-4AD7-4D60-ABA9-E950205847E4}.Debug|Any CPU.Build.0 = Debug|Any CPU
		{AFEBF68B-4AD7-4D60-ABA9-E950205847E4}.Release|Any CPU.ActiveCfg = Release|Any CPU
		{AFEBF68B-4AD7-4D60-ABA9-E950205847E4}.Release|Any CPU.Build.0 = Release|Any CPU
		{C1087B1E-4741-4959-A886-25DCDB607B54}.Debug|Any CPU.ActiveCfg = Debug|Any CPU
		{C1087B1E-4741-4959-A886-25DCDB607B54}.Debug|Any CPU.Build.0 = Debug|Any CPU
		{C1087B1E-4741-4959-A886-25DCDB607B54}.Release|Any CPU.ActiveCfg = Release|Any CPU
		{C1087B1E-4741-4959-A886-25DCDB607B54}.Release|Any CPU.Build.0 = Release|Any CPU
	EndGlobalSection
	GlobalSection(SolutionProperties) = preSolution
		HideSolutionNode = FALSE
	EndGlobalSection
	GlobalSection(ExtensibilityGlobals) = postSolution
		SolutionGuid = {5068AD0D-2DA0-42F6-9E96-67274BC92A14}
	EndGlobalSection
EndGlobal
